
Microsoft Visual Studio Solution File, Format Version 12.00
# Visual Studio Version 17
VisualStudioVersion = 17.6.33829.357
MinimumVisualStudioVersion = 10.0.40219.1
Project("{FAE04EC0-301F-11D3-BF4B-00C04F79EFBC}") = "EFCascadingDropDown", "EFCascadingDropDown\EFCascadingDropDown.csproj", "{F5A023EB-A2CC-422A-9163-2F5D2320C983}"
EndProject
Project("{FAE04EC0-301F-11D3-BF4B-00C04F79EFBC}") = "DAL", "DAL\DAL.csproj", "{4D463999-25FE-4AAA-BD85-AD8399471BD7}"
EndProject
Global
	GlobalSection(SolutionConfigurationPlatforms) = preSolution
		Debug|Any CPU = Debug|Any CPU
		Release|Any CPU = Release|Any CPU
	EndGlobalSection
	GlobalSection(ProjectConfigurationPlatforms) = postSolution
		{F5A023EB-A2CC-422A-9163-2F5D2320C983}.Debug|Any CPU.ActiveCfg = Debug|Any CPU
		{F5A023EB-A2CC-422A-9163-2F5D2320C983}.Debug|Any CPU.Build.0 = Debug|Any CPU
		{F5A023EB-A2CC-422A-9163-2F5D2320C983}.Release|Any CPU.ActiveCfg = Release|Any CPU
		{F5A023EB-A2CC-422A-9163-2F5D2320C983}.Release|Any CPU.Build.0 = Release|Any CPU
		{4D463999-25FE-4AAA-BD85-AD8399471BD7}.Debug|Any CPU.ActiveCfg = Debug|Any CPU
		{4D463999-25FE-4AAA-BD85-AD8399471BD7}.Debug|Any CPU.Build.0 = Debug|Any CPU
		{4D463999-25FE-4AAA-BD85-AD8399471BD7}.Release|Any CPU.ActiveCfg = Release|Any CPU
		{4D463999-25FE-4AAA-BD85-AD8399471BD7}.Release|Any CPU.Build.0 = Release|Any CPU
	EndGlobalSection
	GlobalSection(SolutionProperties) = preSolution
		HideSolutionNode = FALSE
	EndGlobalSection
	GlobalSection(ExtensibilityGlobals) = postSolution
		SolutionGuid = {73769778-D230-4006-BA03-6A652533E0DB}
	EndGlobalSection
EndGlobal
